
Microsoft Visual Studio Solution File, Format Version 12.00
# Visual Studio 14
VisualStudioVersion = 14.0.23107.0
MinimumVisualStudioVersion = 10.0.40219.1
Project("{FAE04EC0-301F-11D3-BF4B-00C04F79EFBC}") = "Aula01", "NividadesDoCSharp6\Aula01.csproj", "{F8CBAC27-84BF-4F81-8597-8021E321E0FD}"
EndProject
Project("{FAE04EC0-301F-11D3-BF4B-00C04F79EFBC}") = "Aula02", "Aula02\Aula02.csproj", "{A51FC5DE-9826-4B7F-A065-32BD16F38363}"
EndProject
Project("{FAE04EC0-301F-11D3-BF4B-00C04F79EFBC}") = "Aula03", "Aula03\Aula03.csproj", "{5BD1BF53-CAE5-4DE0-A34B-D76E5B4819F3}"
EndProject
Project("{FAE04EC0-301F-11D3-BF4B-00C04F79EFBC}") = "Aula04", "Aula04\Aula04.csproj", "{8C192083-BE25-4CFB-AA50-2AEBE9CA453C}"
EndProject
Project("{FAE04EC0-301F-11D3-BF4B-00C04F79EFBC}") = "Aula05", "Aula05\Aula05.csproj", "{45BD4208-61BC-425E-B030-9125A4DE34D2}"
EndProject
Project("{FAE04EC0-301F-11D3-BF4B-00C04F79EFBC}") = "Aula06", "Aula06\Aula06.csproj", "{B738DBDD-0A0B-476F-A6B8-4C4976D9037F}"
EndProject
Project("{FAE04EC0-301F-11D3-BF4B-00C04F79EFBC}") = "Aula07", "Aula07\Aula07.csproj", "{7EA980F9-C8C0-448B-8BA3-06B6440B0DF8}"
EndProject
Project("{FAE04EC0-301F-11D3-BF4B-00C04F79EFBC}") = "Aula08", "Aula08\Aula08.csproj", "{506A2287-A8BB-4CA1-A7D6-BC4275C75463}"
EndProject
Project("{FAE04EC0-301F-11D3-BF4B-00C04F79EFBC}") = "Server", "Server\Server.csproj", "{2D5C68E3-9CB9-4790-9D0F-CF891BFAF926}"
EndProject
Project("{FAE04EC0-301F-11D3-BF4B-00C04F79EFBC}") = "Aula09 - Client", "Aula09\Aula09 - Client.csproj", "{0C18C506-3A69-485E-82B3-03A0BE091FCF}"
EndProject
Project("{FAE04EC0-301F-11D3-BF4B-00C04F79EFBC}") = "Aula10", "Aula10\Aula10.csproj", "{89C44CB7-A29F-4624-AC3A-B95E548B8AE2}"
EndProject
Project("{FAE04EC0-301F-11D3-BF4B-00C04F79EFBC}") = "Aula11", "Aula11\Aula11.csproj", "{AEA580D4-1CCF-4A95-993E-241DDCA0A613}"
EndProject
Project("{FAE04EC0-301F-11D3-BF4B-00C04F79EFBC}") = "Aula12", "Aula12\Aula12.csproj", "{8F8E734A-8D0C-49A1-9F59-77CD1F7FC1F9}"
EndProject
Project("{FAE04EC0-301F-11D3-BF4B-00C04F79EFBC}") = "Aula13", "Aula13\Aula13.csproj", "{BBB0F5E9-3C36-4287-9A95-CD4687CB6503}"
EndProject
Project("{FAE04EC0-301F-11D3-BF4B-00C04F79EFBC}") = "Aula14", "Aula14\Aula14.csproj", "{2135F191-AF26-48CF-BC1C-6E1C0FCCBF92}"
EndProject
Project("{FAE04EC0-301F-11D3-BF4B-00C04F79EFBC}") = "Aula15", "Aula16\Aula15.csproj", "{8CF04923-80A9-4F58-BF8C-237257F54B04}"
EndProject
Global
	GlobalSection(SolutionConfigurationPlatforms) = preSolution
		Debug|Any CPU = Debug|Any CPU
		Release|Any CPU = Release|Any CPU
	EndGlobalSection
	GlobalSection(ProjectConfigurationPlatforms) = postSolution
		{F8CBAC27-84BF-4F81-8597-8021E321E0FD}.Debug|Any CPU.ActiveCfg = Debug|Any CPU
		{F8CBAC27-84BF-4F81-8597-8021E321E0FD}.Debug|Any CPU.Build.0 = Debug|Any CPU
		{F8CBAC27-84BF-4F81-8597-8021E321E0FD}.Release|Any CPU.ActiveCfg = Release|Any CPU
		{F8CBAC27-84BF-4F81-8597-8021E321E0FD}.Release|Any CPU.Build.0 = Release|Any CPU
		{A51FC5DE-9826-4B7F-A065-32BD16F38363}.Debug|Any CPU.ActiveCfg = Debug|Any CPU
		{A51FC5DE-9826-4B7F-A065-32BD16F38363}.Debug|Any CPU.Build.0 = Debug|Any CPU
		{A51FC5DE-9826-4B7F-A065-32BD16F38363}.Release|Any CPU.ActiveCfg = Release|Any CPU
		{A51FC5DE-9826-4B7F-A065-32BD16F38363}.Release|Any CPU.Build.0 = Release|Any CPU
		{5BD1BF53-CAE5-4DE0-A34B-D76E5B4819F3}.Debug|Any CPU.ActiveCfg = Debug|Any CPU
		{5BD1BF53-CAE5-4DE0-A34B-D76E5B4819F3}.Debug|Any CPU.Build.0 = Debug|Any CPU
		{5BD1BF53-CAE5-4DE0-A34B-D76E5B4819F3}.Release|Any CPU.ActiveCfg = Release|Any CPU
		{5BD1BF53-CAE5-4DE0-A34B-D76E5B4819F3}.Release|Any CPU.Build.0 = Release|Any CPU
		{8C192083-BE25-4CFB-AA50-2AEBE9CA453C}.Debug|Any CPU.ActiveCfg = Debug|Any CPU
		{8C192083-BE25-4CFB-AA50-2AEBE9CA453C}.Debug|Any CPU.Build.0 = Debug|Any CPU
		{8C192083-BE25-4CFB-AA50-2AEBE9CA453C}.Release|Any CPU.ActiveCfg = Release|Any CPU
		{8C192083-BE25-4CFB-AA50-2AEBE9CA453C}.Release|Any CPU.Build.0 = Release|Any CPU
		{45BD4208-61BC-425E-B030-9125A4DE34D2}.Debug|Any CPU.ActiveCfg = Debug|Any CPU
		{45BD4208-61BC-425E-B030-9125A4DE34D2}.Debug|Any CPU.Build.0 = Debug|Any CPU
		{45BD4208-61BC-425E-B030-9125A4DE34D2}.Release|Any CPU.ActiveCfg = Release|Any CPU
		{45BD4208-61BC-425E-B030-9125A4DE34D2}.Release|Any CPU.Build.0 = Release|Any CPU
		{B738DBDD-0A0B-476F-A6B8-4C4976D9037F}.Debug|Any CPU.ActiveCfg = Debug|Any CPU
		{B738DBDD-0A0B-476F-A6B8-4C4976D9037F}.Debug|Any CPU.Build.0 = Debug|Any CPU
		{B738DBDD-0A0B-476F-A6B8-4C4976D9037F}.Release|Any CPU.ActiveCfg = Release|Any CPU
		{B738DBDD-0A0B-476F-A6B8-4C4976D9037F}.Release|Any CPU.Build.0 = Release|Any CPU
		{7EA980F9-C8C0-448B-8BA3-06B6440B0DF8}.Debug|Any CPU.ActiveCfg = Debug|Any CPU
		{7EA980F9-C8C0-448B-8BA3-06B6440B0DF8}.Debug|Any CPU.Build.0 = Debug|Any CPU
		{7EA980F9-C8C0-448B-8BA3-06B6440B0DF8}.Release|Any CPU.ActiveCfg = Release|Any CPU
		{7EA980F9-C8C0-448B-8BA3-06B6440B0DF8}.Release|Any CPU.Build.0 = Release|Any CPU
		{506A2287-A8BB-4CA1-A7D6-BC4275C75463}.Debug|Any CPU.ActiveCfg = Debug|Any CPU
		{506A2287-A8BB-4CA1-A7D6-BC4275C75463}.Debug|Any CPU.Build.0 = Debug|Any CPU
		{506A2287-A8BB-4CA1-A7D6-BC4275C75463}.Release|Any CPU.ActiveCfg = Release|Any CPU
		{506A2287-A8BB-4CA1-A7D6-BC4275C75463}.Release|Any CPU.Build.0 = Release|Any CPU
		{2D5C68E3-9CB9-4790-9D0F-CF891BFAF926}.Debug|Any CPU.ActiveCfg = Debug|Any CPU
		{2D5C68E3-9CB9-4790-9D0F-CF891BFAF926}.Debug|Any CPU.Build.0 = Debug|Any CPU
		{2D5C68E3-9CB9-4790-9D0F-CF891BFAF926}.Release|Any CPU.ActiveCfg = Release|Any CPU
		{2D5C68E3-9CB9-4790-9D0F-CF891BFAF926}.Release|Any CPU.Build.0 = Release|Any CPU
		{0C18C506-3A69-485E-82B3-03A0BE091FCF}.Debug|Any CPU.ActiveCfg = Debug|Any CPU
		{0C18C506-3A69-485E-82B3-03A0BE091FCF}.Debug|Any CPU.Build.0 = Debug|Any CPU
		{0C18C506-3A69-485E-82B3-03A0BE091FCF}.Release|Any CPU.ActiveCfg = Release|Any CPU
		{0C18C506-3A69-485E-82B3-03A0BE091FCF}.Release|Any CPU.Build.0 = Release|Any CPU
		{89C44CB7-A29F-4624-AC3A-B95E548B8AE2}.Debug|Any CPU.ActiveCfg = Debug|Any CPU
		{89C44CB7-A29F-4624-AC3A-B95E548B8AE2}.Debug|Any CPU.Build.0 = Debug|Any CPU
		{89C44CB7-A29F-4624-AC3A-B95E548B8AE2}.Release|Any CPU.ActiveCfg = Release|Any CPU
		{89C44CB7-A29F-4624-AC3A-B95E548B8AE2}.Release|Any CPU.Build.0 = Release|Any CPU
		{AEA580D4-1CCF-4A95-993E-241DDCA0A613}.Debug|Any CPU.ActiveCfg = Debug|Any CPU
		{AEA580D4-1CCF-4A95-993E-241DDCA0A613}.Debug|Any CPU.Build.0 = Debug|Any CPU
		{AEA580D4-1CCF-4A95-993E-241DDCA0A613}.Release|Any CPU.ActiveCfg = Release|Any CPU
		{AEA580D4-1CCF-4A95-993E-241DDCA0A613}.Release|Any CPU.Build.0 = Release|Any CPU
		{8F8E734A-8D0C-49A1-9F59-77CD1F7FC1F9}.Debug|Any CPU.ActiveCfg = Debug|Any CPU
		{8F8E734A-8D0C-49A1-9F59-77CD1F7FC1F9}.Debug|Any CPU.Build.0 = Debug|Any CPU
		{8F8E734A-8D0C-49A1-9F59-77CD1F7FC1F9}.Release|Any CPU.ActiveCfg = Release|Any CPU
		{8F8E734A-8D0C-49A1-9F59-77CD1F7FC1F9}.Release|Any CPU.Build.0 = Release|Any CPU
		{BBB0F5E9-3C36-4287-9A95-CD4687CB6503}.Debug|Any CPU.ActiveCfg = Debug|Any CPU
		{BBB0F5E9-3C36-4287-9A95-CD4687CB6503}.Debug|Any CPU.Build.0 = Debug|Any CPU
		{BBB0F5E9-3C36-4287-9A95-CD4687CB6503}.Release|Any CPU.ActiveCfg = Release|Any CPU
		{BBB0F5E9-3C36-4287-9A95-CD4687CB6503}.Release|Any CPU.Build.0 = Release|Any CPU
		{2135F191-AF26-48CF-BC1C-6E1C0FCCBF92}.Debug|Any CPU.ActiveCfg = Debug|Any CPU
		{2135F191-AF26-48CF-BC1C-6E1C0FCCBF92}.Debug|Any CPU.Build.0 = Debug|Any CPU
		{2135F191-AF26-48CF-BC1C-6E1C0FCCBF92}.Release|Any CPU.ActiveCfg = Release|Any CPU
		{2135F191-AF26-48CF-BC1C-6E1C0FCCBF92}.Release|Any CPU.Build.0 = Release|Any CPU
		{8CF04923-80A9-4F58-BF8C-237257F54B04}.Debug|Any CPU.ActiveCfg = Debug|Any CPU
		{8CF04923-80A9-4F58-BF8C-237257F54B04}.Debug|Any CPU.Build.0 = Debug|Any CPU
		{8CF04923-80A9-4F58-BF8C-237257F54B04}.Release|Any CPU.ActiveCfg = Release|Any CPU
		{8CF04923-80A9-4F58-BF8C-237257F54B04}.Release|Any CPU.Build.0 = Release|Any CPU
	EndGlobalSection
	GlobalSection(SolutionProperties) = preSolution
		HideSolutionNode = FALSE
	EndGlobalSection
EndGlobal
